
Microsoft Visual Studio Solution File, Format Version 12.00
# Visual Studio Version 17
VisualStudioVersion = 17.0.31808.319
MinimumVisualStudioVersion = 10.0.40219.1
Project("{2150E333-8FDC-42A3-9474-1A3956D46DE8}") = "src", "src", "{5D6E8305-D436-4406-8927-86650D8896BA}"
EndProject
Project("{2150E333-8FDC-42A3-9474-1A3956D46DE8}") = "Services", "Services", "{0AE9E8EB-955E-41ED-9616-B9EBB3C01073}"
EndProject
Project("{2150E333-8FDC-42A3-9474-1A3956D46DE8}") = "Identity", "Identity", "{BA86345D-DFEA-4D62-896F-F8516B751A44}"
EndProject
Project("{9A19103F-16F7-4668-BE54-9A1E7A4F7556}") = "Identity.API", "src\Services\Identity\Identity.API\Identity.API.csproj", "{CBCEAABB-E118-481F-A15F-2421A401BE16}"
EndProject
Project("{2150E333-8FDC-42A3-9474-1A3956D46DE8}") = "Catalog", "Catalog", "{F22E728C-2413-4E7D-9B48-0E4FDC35E676}"
EndProject
Project("{2150E333-8FDC-42A3-9474-1A3956D46DE8}") = "tests", "tests", "{029B4ED0-3D79-4FA9-8781-7D99AB38E6B4}"
EndProject
Project("{9A19103F-16F7-4668-BE54-9A1E7A4F7556}") = "Catalog.API", "src\Services\Catalog\Catalog.API\Catalog.API.csproj", "{8FD479E3-782A-40B1-97F9-D2EB98E6BAFF}"
EndProject
Project("{2150E333-8FDC-42A3-9474-1A3956D46DE8}") = "BuildingBlocks", "BuildingBlocks", "{7553B518-2C2D-45D0-902C-E3341E5D956A}"
EndProject
Project("{2150E333-8FDC-42A3-9474-1A3956D46DE8}") = "EventBus", "EventBus", "{AA49CACD-90FB-4E5E-A9E6-B333B61F93E6}"
EndProject
Project("{9A19103F-16F7-4668-BE54-9A1E7A4F7556}") = "EventBus", "src\BuildingBlocks\EventBus\EventBus\EventBus.csproj", "{09368C01-1163-4460-8BB1-F6FC03B0E254}"
EndProject
Project("{2150E333-8FDC-42A3-9474-1A3956D46DE8}") = "tests", "tests", "{0F8CB9AB-2CB0-4E6D-BDB1-692E7539EA18}"
EndProject
Project("{9A19103F-16F7-4668-BE54-9A1E7A4F7556}") = "EventBus.Tests", "src\BuildingBlocks\EventBus\EventBus.Tests\EventBus.Tests.csproj", "{8A3FB77E-BBFA-4F9A-8492-AE9CDDDED607}"
EndProject
Project("{9A19103F-16F7-4668-BE54-9A1E7A4F7556}") = "EventBusRabbitMQ", "src\BuildingBlocks\EventBus\EventBusRabbitMQ\EventBusRabbitMQ.csproj", "{B4DDA2D9-D2FD-414B-B919-709E8DB5A603}"
EndProject
Project("{9A19103F-16F7-4668-BE54-9A1E7A4F7556}") = "EventBusServiceBus", "src\BuildingBlocks\EventBus\EventBusServiceBus\EventBusServiceBus.csproj", "{5DCF9245-ABDD-4D60-B440-4B364DD7CA9D}"
EndProject
Project("{9A19103F-16F7-4668-BE54-9A1E7A4F7556}") = "IntegrationEventLogEF", "src\BuildingBlocks\EventBus\IntegrationEventLogEF\IntegrationEventLogEF.csproj", "{F3831996-1A71-4641-A7B3-3D4EED49C574}"
EndProject
Project("{2150E333-8FDC-42A3-9474-1A3956D46DE8}") = "WebHost", "WebHost", "{7C863AEC-B06B-43A2-A75C-40D1671DF70A}"
EndProject
Project("{9A19103F-16F7-4668-BE54-9A1E7A4F7556}") = "WebHost.Customization", "src\BuildingBlocks\WebHost\WebHost.Customization\WebHost.Customization.csproj", "{BB419AEF-257A-4DA4-9A92-306EE2538147}"
EndProject
Project("{2150E333-8FDC-42A3-9474-1A3956D46DE8}") = "Devspaces", "Devspaces", "{EE5AAC5B-E411-40BB-B0AC-C8CD95D13BB4}"
EndProject
Project("{9A19103F-16F7-4668-BE54-9A1E7A4F7556}") = "Devspaces.Support", "src\BuildingBlocks\Devspaces\Devspaces.Support\Devspaces.Support.csproj", "{6AAD588C-20DA-435A-B255-2ADB9E0BAF83}"
EndProject
Project("{9A19103F-16F7-4668-BE54-9A1E7A4F7556}") = "Catalog.FunctionalTests", "src\Services\Catalog\Catalog.FunctionalTests\Catalog.FunctionalTests.csproj", "{7F8D69F7-1045-40CD-A9D6-BC3085607B0D}"
EndProject
Project("{FAE04EC0-301F-11D3-BF4B-00C04F79EFBC}") = "Catalog.UnitTests", "src\Services\Catalog\Catalog.UnitTests\Catalog.UnitTests.csproj", "{1D268D7C-5716-421B-AD42-7FA51581CE3B}"
EndProject
Global
	GlobalSection(SolutionConfigurationPlatforms) = preSolution
		Debug|Any CPU = Debug|Any CPU
		Release|Any CPU = Release|Any CPU
	EndGlobalSection
	GlobalSection(ProjectConfigurationPlatforms) = postSolution
		{CBCEAABB-E118-481F-A15F-2421A401BE16}.Debug|Any CPU.ActiveCfg = Debug|Any CPU
		{CBCEAABB-E118-481F-A15F-2421A401BE16}.Debug|Any CPU.Build.0 = Debug|Any CPU
		{CBCEAABB-E118-481F-A15F-2421A401BE16}.Release|Any CPU.ActiveCfg = Release|Any CPU
		{CBCEAABB-E118-481F-A15F-2421A401BE16}.Release|Any CPU.Build.0 = Release|Any CPU
		{8FD479E3-782A-40B1-97F9-D2EB98E6BAFF}.Debug|Any CPU.ActiveCfg = Debug|Any CPU
		{8FD479E3-782A-40B1-97F9-D2EB98E6BAFF}.Debug|Any CPU.Build.0 = Debug|Any CPU
		{8FD479E3-782A-40B1-97F9-D2EB98E6BAFF}.Release|Any CPU.ActiveCfg = Release|Any CPU
		{8FD479E3-782A-40B1-97F9-D2EB98E6BAFF}.Release|Any CPU.Build.0 = Release|Any CPU
		{09368C01-1163-4460-8BB1-F6FC03B0E254}.Debug|Any CPU.ActiveCfg = Debug|Any CPU
		{09368C01-1163-4460-8BB1-F6FC03B0E254}.Debug|Any CPU.Build.0 = Debug|Any CPU
		{09368C01-1163-4460-8BB1-F6FC03B0E254}.Release|Any CPU.ActiveCfg = Release|Any CPU
		{09368C01-1163-4460-8BB1-F6FC03B0E254}.Release|Any CPU.Build.0 = Release|Any CPU
		{8A3FB77E-BBFA-4F9A-8492-AE9CDDDED607}.Debug|Any CPU.ActiveCfg = Debug|Any CPU
		{8A3FB77E-BBFA-4F9A-8492-AE9CDDDED607}.Debug|Any CPU.Build.0 = Debug|Any CPU
		{8A3FB77E-BBFA-4F9A-8492-AE9CDDDED607}.Release|Any CPU.ActiveCfg = Release|Any CPU
		{8A3FB77E-BBFA-4F9A-8492-AE9CDDDED607}.Release|Any CPU.Build.0 = Release|Any CPU
		{B4DDA2D9-D2FD-414B-B919-709E8DB5A603}.Debug|Any CPU.ActiveCfg = Debug|Any CPU
		{B4DDA2D9-D2FD-414B-B919-709E8DB5A603}.Debug|Any CPU.Build.0 = Debug|Any CPU
		{B4DDA2D9-D2FD-414B-B919-709E8DB5A603}.Release|Any CPU.ActiveCfg = Release|Any CPU
		{B4DDA2D9-D2FD-414B-B919-709E8DB5A603}.Release|Any CPU.Build.0 = Release|Any CPU
		{5DCF9245-ABDD-4D60-B440-4B364DD7CA9D}.Debug|Any CPU.ActiveCfg = Debug|Any CPU
		{5DCF9245-ABDD-4D60-B440-4B364DD7CA9D}.Debug|Any CPU.Build.0 = Debug|Any CPU
		{5DCF9245-ABDD-4D60-B440-4B364DD7CA9D}.Release|Any CPU.ActiveCfg = Release|Any CPU
		{5DCF9245-ABDD-4D60-B440-4B364DD7CA9D}.Release|Any CPU.Build.0 = Release|Any CPU
		{F3831996-1A71-4641-A7B3-3D4EED49C574}.Debug|Any CPU.ActiveCfg = Debug|Any CPU
		{F3831996-1A71-4641-A7B3-3D4EED49C574}.Debug|Any CPU.Build.0 = Debug|Any CPU
		{F3831996-1A71-4641-A7B3-3D4EED49C574}.Release|Any CPU.ActiveCfg = Release|Any CPU
		{F3831996-1A71-4641-A7B3-3D4EED49C574}.Release|Any CPU.Build.0 = Release|Any CPU
		{BB419AEF-257A-4DA4-9A92-306EE2538147}.Debug|Any CPU.ActiveCfg = Debug|Any CPU
		{BB419AEF-257A-4DA4-9A92-306EE2538147}.Debug|Any CPU.Build.0 = Debug|Any CPU
		{BB419AEF-257A-4DA4-9A92-306EE2538147}.Release|Any CPU.ActiveCfg = Release|Any CPU
		{BB419AEF-257A-4DA4-9A92-306EE2538147}.Release|Any CPU.Build.0 = Release|Any CPU
		{6AAD588C-20DA-435A-B255-2ADB9E0BAF83}.Debug|Any CPU.ActiveCfg = Debug|Any CPU
		{6AAD588C-20DA-435A-B255-2ADB9E0BAF83}.Debug|Any CPU.Build.0 = Debug|Any CPU
		{6AAD588C-20DA-435A-B255-2ADB9E0BAF83}.Release|Any CPU.ActiveCfg = Release|Any CPU
		{6AAD588C-20DA-435A-B255-2ADB9E0BAF83}.Release|Any CPU.Build.0 = Release|Any CPU
		{7F8D69F7-1045-40CD-A9D6-BC3085607B0D}.Debug|Any CPU.ActiveCfg = Debug|Any CPU
		{7F8D69F7-1045-40CD-A9D6-BC3085607B0D}.Debug|Any CPU.Build.0 = Debug|Any CPU
		{7F8D69F7-1045-40CD-A9D6-BC3085607B0D}.Release|Any CPU.ActiveCfg = Release|Any CPU
		{7F8D69F7-1045-40CD-A9D6-BC3085607B0D}.Release|Any CPU.Build.0 = Release|Any CPU
		{1D268D7C-5716-421B-AD42-7FA51581CE3B}.Debug|Any CPU.ActiveCfg = Debug|Any CPU
		{1D268D7C-5716-421B-AD42-7FA51581CE3B}.Debug|Any CPU.Build.0 = Debug|Any CPU
		{1D268D7C-5716-421B-AD42-7FA51581CE3B}.Release|Any CPU.ActiveCfg = Release|Any CPU
		{1D268D7C-5716-421B-AD42-7FA51581CE3B}.Release|Any CPU.Build.0 = Release|Any CPU
	EndGlobalSection
	GlobalSection(SolutionProperties) = preSolution
		HideSolutionNode = FALSE
	EndGlobalSection
	GlobalSection(NestedProjects) = preSolution
		{0AE9E8EB-955E-41ED-9616-B9EBB3C01073} = {5D6E8305-D436-4406-8927-86650D8896BA}
		{BA86345D-DFEA-4D62-896F-F8516B751A44} = {0AE9E8EB-955E-41ED-9616-B9EBB3C01073}
		{CBCEAABB-E118-481F-A15F-2421A401BE16} = {BA86345D-DFEA-4D62-896F-F8516B751A44}
		{F22E728C-2413-4E7D-9B48-0E4FDC35E676} = {0AE9E8EB-955E-41ED-9616-B9EBB3C01073}
		{029B4ED0-3D79-4FA9-8781-7D99AB38E6B4} = {F22E728C-2413-4E7D-9B48-0E4FDC35E676}
		{8FD479E3-782A-40B1-97F9-D2EB98E6BAFF} = {F22E728C-2413-4E7D-9B48-0E4FDC35E676}
		{7553B518-2C2D-45D0-902C-E3341E5D956A} = {5D6E8305-D436-4406-8927-86650D8896BA}
		{AA49CACD-90FB-4E5E-A9E6-B333B61F93E6} = {7553B518-2C2D-45D0-902C-E3341E5D956A}
		{09368C01-1163-4460-8BB1-F6FC03B0E254} = {AA49CACD-90FB-4E5E-A9E6-B333B61F93E6}
		{0F8CB9AB-2CB0-4E6D-BDB1-692E7539EA18} = {AA49CACD-90FB-4E5E-A9E6-B333B61F93E6}
		{8A3FB77E-BBFA-4F9A-8492-AE9CDDDED607} = {0F8CB9AB-2CB0-4E6D-BDB1-692E7539EA18}
		{B4DDA2D9-D2FD-414B-B919-709E8DB5A603} = {AA49CACD-90FB-4E5E-A9E6-B333B61F93E6}
		{5DCF9245-ABDD-4D60-B440-4B364DD7CA9D} = {AA49CACD-90FB-4E5E-A9E6-B333B61F93E6}
		{F3831996-1A71-4641-A7B3-3D4EED49C574} = {AA49CACD-90FB-4E5E-A9E6-B333B61F93E6}
		{7C863AEC-B06B-43A2-A75C-40D1671DF70A} = {7553B518-2C2D-45D0-902C-E3341E5D956A}
		{BB419AEF-257A-4DA4-9A92-306EE2538147} = {7C863AEC-B06B-43A2-A75C-40D1671DF70A}
		{EE5AAC5B-E411-40BB-B0AC-C8CD95D13BB4} = {7553B518-2C2D-45D0-902C-E3341E5D956A}
		{6AAD588C-20DA-435A-B255-2ADB9E0BAF83} = {EE5AAC5B-E411-40BB-B0AC-C8CD95D13BB4}
		{7F8D69F7-1045-40CD-A9D6-BC3085607B0D} = {029B4ED0-3D79-4FA9-8781-7D99AB38E6B4}
		{1D268D7C-5716-421B-AD42-7FA51581CE3B} = {029B4ED0-3D79-4FA9-8781-7D99AB38E6B4}
	EndGlobalSection
	GlobalSection(ExtensibilityGlobals) = postSolution
		SolutionGuid = {54B30645-11CD-4DB3-9C1F-63600C9748B0}
	EndGlobalSection
EndGlobal
